
Microsoft Visual Studio Solution File, Format Version 12.00
# Visual Studio Version 17
VisualStudioVersion = 17.12.35707.178
MinimumVisualStudioVersion = 10.0.40219.1
Project("{FAE04EC0-301F-11D3-BF4B-00C04F79EFBC}") = "CaviForm", "CaviForm\CaviForm.csproj", "{E46CF33B-813D-4E11-979E-8B4EA378C823}"
EndProject
Project("{2150E333-8FDC-42A3-9474-1A3956D46DE8}") = "Repositorio", "Repositorio", "{02EA681E-C7D8-13C7-8484-4AC65E1B71E8}"
EndProject
Project("{FAE04EC0-301F-11D3-BF4B-00C04F79EFBC}") = "DAL", "DALGAVI\DAL.csproj", "{3F07B093-9644-4F40-A35E-1E6EE376768A}"
EndProject
Project("{2150E333-8FDC-42A3-9474-1A3956D46DE8}") = "MODELS", "MODELS", "{59F2FCC4-6B8D-409F-A878-6ACB9669CAB7}"
EndProject
Project("{FAE04EC0-301F-11D3-BF4B-00C04F79EFBC}") = "Models", "Models\Models.csproj", "{3081572A-69E1-43F3-AD44-281EC4674F9B}"
EndProject
Global
	GlobalSection(SolutionConfigurationPlatforms) = preSolution
		Debug|Any CPU = Debug|Any CPU
		Release|Any CPU = Release|Any CPU
	EndGlobalSection
	GlobalSection(ProjectConfigurationPlatforms) = postSolution
		{E46CF33B-813D-4E11-979E-8B4EA378C823}.Debug|Any CPU.ActiveCfg = Debug|Any CPU
		{E46CF33B-813D-4E11-979E-8B4EA378C823}.Debug|Any CPU.Build.0 = Debug|Any CPU
		{E46CF33B-813D-4E11-979E-8B4EA378C823}.Release|Any CPU.ActiveCfg = Release|Any CPU
		{E46CF33B-813D-4E11-979E-8B4EA378C823}.Release|Any CPU.Build.0 = Release|Any CPU
		{3F07B093-9644-4F40-A35E-1E6EE376768A}.Debug|Any CPU.ActiveCfg = Debug|Any CPU
		{3F07B093-9644-4F40-A35E-1E6EE376768A}.Debug|Any CPU.Build.0 = Debug|Any CPU
		{3F07B093-9644-4F40-A35E-1E6EE376768A}.Release|Any CPU.ActiveCfg = Release|Any CPU
		{3F07B093-9644-4F40-A35E-1E6EE376768A}.Release|Any CPU.Build.0 = Release|Any CPU
		{3081572A-69E1-43F3-AD44-281EC4674F9B}.Debug|Any CPU.ActiveCfg = Debug|Any CPU
		{3081572A-69E1-43F3-AD44-281EC4674F9B}.Debug|Any CPU.Build.0 = Debug|Any CPU
		{3081572A-69E1-43F3-AD44-281EC4674F9B}.Release|Any CPU.ActiveCfg = Release|Any CPU
		{3081572A-69E1-43F3-AD44-281EC4674F9B}.Release|Any CPU.Build.0 = Release|Any CPU
	EndGlobalSection
	GlobalSection(SolutionProperties) = preSolution
		HideSolutionNode = FALSE
	EndGlobalSection
	GlobalSection(NestedProjects) = preSolution
		{3F07B093-9644-4F40-A35E-1E6EE376768A} = {02EA681E-C7D8-13C7-8484-4AC65E1B71E8}
		{3081572A-69E1-43F3-AD44-281EC4674F9B} = {59F2FCC4-6B8D-409F-A878-6ACB9669CAB7}
	EndGlobalSection
	GlobalSection(ExtensibilityGlobals) = postSolution
		SolutionGuid = {A9ED4E66-8D69-42B4-B00A-2A98E39EAC2E}
	EndGlobalSection
EndGlobal
